
Microsoft Visual Studio Solution File, Format Version 12.00
# Visual Studio Version 17
VisualStudioVersion = 17.3.32804.467
MinimumVisualStudioVersion = 10.0.40219.1
Project("{FAE04EC0-301F-11D3-BF4B-00C04F79EFBC}") = "Memoize", "Memoize.csproj", "{0176D8BD-DE13-488D-9B39-7C9EE264ADBC}"
EndProject
Global
	GlobalSection(SolutionConfigurationPlatforms) = preSolution
		Debug|Any CPU = Debug|Any CPU
		Release|Any CPU = Release|Any CPU
	EndGlobalSection
	GlobalSection(ProjectConfigurationPlatforms) = postSolution
		{0176D8BD-DE13-488D-9B39-7C9EE264ADBC}.Debug|Any CPU.ActiveCfg = Debug|Any CPU
		{0176D8BD-DE13-488D-9B39-7C9EE264ADBC}.Debug|Any CPU.Build.0 = Debug|Any CPU
		{0176D8BD-DE13-488D-9B39-7C9EE264ADBC}.Release|Any CPU.ActiveCfg = Release|Any CPU
		{0176D8BD-DE13-488D-9B39-7C9EE264ADBC}.Release|Any CPU.Build.0 = Release|Any CPU
	EndGlobalSection
	GlobalSection(SolutionProperties) = preSolution
		HideSolutionNode = FALSE
	EndGlobalSection
	GlobalSection(ExtensibilityGlobals) = postSolution
		SolutionGuid = {C942BC4F-A73C-445B-9B43-3811287EC11F}
	EndGlobalSection
EndGlobal
